
Microsoft Visual Studio Solution File, Format Version 12.00
# Visual Studio Version 17
VisualStudioVersion = 17.8.34525.116
MinimumVisualStudioVersion = 10.0.40219.1
Project("{FAE04EC0-301F-11D3-BF4B-00C04F79EFBC}") = "passgen", "passgen.csproj", "{53743914-DD55-405C-ABC6-74499A0E8633}"
EndProject
Global
	GlobalSection(SolutionConfigurationPlatforms) = preSolution
		Debug|Any CPU = Debug|Any CPU
		Release|Any CPU = Release|Any CPU
	EndGlobalSection
	GlobalSection(ProjectConfigurationPlatforms) = postSolution
		{53743914-DD55-405C-ABC6-74499A0E8633}.Debug|Any CPU.ActiveCfg = Debug|Any CPU
		{53743914-DD55-405C-ABC6-74499A0E8633}.Debug|Any CPU.Build.0 = Debug|Any CPU
		{53743914-DD55-405C-ABC6-74499A0E8633}.Release|Any CPU.ActiveCfg = Release|Any CPU
		{53743914-DD55-405C-ABC6-74499A0E8633}.Release|Any CPU.Build.0 = Release|Any CPU
	EndGlobalSection
	GlobalSection(SolutionProperties) = preSolution
		HideSolutionNode = FALSE
	EndGlobalSection
	GlobalSection(ExtensibilityGlobals) = postSolution
		SolutionGuid = {C4CB93FE-2000-4841-87A0-56C9E1DFBCC0}
	EndGlobalSection
EndGlobal
